// !$*UTF8*$!
{
	archiveVersion = 1;
	classes = {
	};
	objectVersion = 46;
	objects = {

/* Begin PBXBuildFile section */
		555003D51BC7E0340082548A /* OpenGL.framework in Frameworks */ = {isa = PBXBuildFile; fileRef = 555003D41BC7E0340082548A /* OpenGL.framework */; };
		555E9B381BC706B200C09761 /* AppDelegate.m in Sources */ = {isa = PBXBuildFile; fileRef = 555E9B371BC706B200C09761 /* AppDelegate.m */; };
		555E9B3B1BC706B200C09761 /* main.m in Sources */ = {isa = PBXBuildFile; fileRef = 555E9B3A1BC706B200C09761 /* main.m */; };
		555E9B3D1BC706B200C09761 /* Assets.xcassets in Resources */ = {isa = PBXBuildFile; fileRef = 555E9B3C1BC706B200C09761 /* Assets.xcassets */; };
		555E9B401BC706B200C09761 /* MainMenu.xib in Resources */ = {isa = PBXBuildFile; fileRef = 555E9B3E1BC706B200C09761 /* MainMenu.xib */; };
		55ECEDF61BC7EBF1008D836B /* ViewScreen.m in Sources */ = {isa = PBXBuildFile; fileRef = 55ECEDF51BC7EBF1008D836B /* ViewScreen.m */; settings = {ASSET_TAGS = (); }; };
		55F3D4461BC7E8A1002FB30F /* libchip8core.a in Frameworks */ = {isa = PBXBuildFile; fileRef = 55F3D4451BC7E8A1002FB30F /* libchip8core.a */; };
/* End PBXBuildFile section */

/* Begin PBXFileReference section */
		555003D41BC7E0340082548A /* OpenGL.framework */ = {isa = PBXFileReference; lastKnownFileType = wrapper.framework; name = OpenGL.framework; path = System/Library/Frameworks/OpenGL.framework; sourceTree = SDKROOT; };
		555E9B331BC706B200C09761 /* chip8cocoa.app */ = {isa = PBXFileReference; explicitFileType = wrapper.application; includeInIndex = 0; path = chip8cocoa.app; sourceTree = BUILT_PRODUCTS_DIR; };
		555E9B361BC706B200C09761 /* AppDelegate.h */ = {isa = PBXFileReference; lastKnownFileType = sourcecode.c.h; path = AppDelegate.h; sourceTree = "<group>"; };
		555E9B371BC706B200C09761 /* AppDelegate.m */ = {isa = PBXFileReference; lastKnownFileType = sourcecode.c.objc; path = AppDelegate.m; sourceTree = "<group>"; };
		555E9B3A1BC706B200C09761 /* main.m */ = {isa = PBXFileReference; lastKnownFileType = sourcecode.c.objc; path = main.m; sourceTree = "<group>"; };
		555E9B3C1BC706B200C09761 /* Assets.xcassets */ = {isa = PBXFileReference; lastKnownFileType = folder.assetcatalog; path = Assets.xcassets; sourceTree = "<group>"; };
		555E9B3F1BC706B200C09761 /* Base */ = {isa = PBXFileReference; lastKnownFileType = file.xib; name = Base; path = Base.lproj/MainMenu.xib; sourceTree = "<group>"; };
		555E9B411BC706B200C09761 /* Info.plist */ = {isa = PBXFileReference; lastKnownFileType = text.plist.xml; path = Info.plist; sourceTree = "<group>"; };
		55ECEDF41BC7EBF1008D836B /* ViewScreen.h */ = {isa = PBXFileReference; fileEncoding = 4; lastKnownFileType = sourcecode.c.h; path = ViewScreen.h; sourceTree = "<group>"; };
		55ECEDF51BC7EBF1008D836B /* ViewScreen.m */ = {isa = PBXFileReference; fileEncoding = 4; lastKnownFileType = sourcecode.c.objc; path = ViewScreen.m; sourceTree = "<group>"; };
		55F3D4451BC7E8A1002FB30F /* libchip8core.a */ = {isa = PBXFileReference; lastKnownFileType = archive.ar; name = libchip8core.a; path = "CHIP-8-Virtual-Machine-Core/build/libchip8core.a"; sourceTree = "<group>"; };
/* End PBXFileReference section */

/* Begin PBXFrameworksBuildPhase section */
		555E9B301BC706B200C09761 /* Frameworks */ = {
			isa = PBXFrameworksBuildPhase;
			buildActionMask = 2147483647;
			files = (
				55F3D4461BC7E8A1002FB30F /* libchip8core.a in Frameworks */,
				555003D51BC7E0340082548A /* OpenGL.framework in Frameworks */,
			);
			runOnlyForDeploymentPostprocessing = 0;
		};
/* End PBXFrameworksBuildPhase section */

/* Begin PBXGroup section */
		555E9B2A1BC706B200C09761 = {
			isa = PBXGroup;
			children = (
				55F3D4451BC7E8A1002FB30F /* libchip8core.a */,
				555003D41BC7E0340082548A /* OpenGL.framework */,
				555E9B351BC706B200C09761 /* chip8cocoa */,
				555E9B341BC706B200C09761 /* Products */,
			);
			sourceTree = "<group>";
		};
		555E9B341BC706B200C09761 /* Products */ = {
			isa = PBXGroup;
			children = (
				555E9B331BC706B200C09761 /* chip8cocoa.app */,
			);
			name = Products;
			sourceTree = "<group>";
		};
		555E9B351BC706B200C09761 /* chip8cocoa */ = {
			isa = PBXGroup;
			children = (
				555E9B361BC706B200C09761 /* AppDelegate.h */,
				555E9B371BC706B200C09761 /* AppDelegate.m */,
				555E9B3C1BC706B200C09761 /* Assets.xcassets */,
				555E9B3E1BC706B200C09761 /* MainMenu.xib */,
				55ECEDF41BC7EBF1008D836B /* ViewScreen.h */,
				55ECEDF51BC7EBF1008D836B /* ViewScreen.m */,
				555E9B411BC706B200C09761 /* Info.plist */,
				555E9B391BC706B200C09761 /* Supporting Files */,
			);
			path = chip8cocoa;
			sourceTree = "<group>";
		};
		555E9B391BC706B200C09761 /* Supporting Files */ = {
			isa = PBXGroup;
			children = (
				555E9B3A1BC706B200C09761 /* main.m */,
			);
			name = "Supporting Files";
			sourceTree = "<group>";
		};
/* End PBXGroup section */

/* Begin PBXNativeTarget section */
		555E9B321BC706B200C09761 /* chip8cocoa */ = {
			isa = PBXNativeTarget;
			buildConfigurationList = 555E9B441BC706B200C09761 /* Build configuration list for PBXNativeTarget "chip8cocoa" */;
			buildPhases = (
				555E9B2F1BC706B200C09761 /* Sources */,
				555E9B301BC706B200C09761 /* Frameworks */,
				555E9B311BC706B200C09761 /* Resources */,
			);
			buildRules = (
			);
			dependencies = (
			);
			name = chip8cocoa;
			productName = chip8cocoa;
			productReference = 555E9B331BC706B200C09761 /* chip8cocoa.app */;
			productType = "com.apple.product-type.application";
		};
/* End PBXNativeTarget section */

/* Begin PBXProject section */
		555E9B2B1BC706B200C09761 /* Project object */ = {
			isa = PBXProject;
			attributes = {
				LastUpgradeCheck = 0700;
				ORGANIZATIONNAME = "Olle Kvarnstrom";
				TargetAttributes = {
					555E9B321BC706B200C09761 = {
						CreatedOnToolsVersion = 7.0.1;
					};
				};
			};
			buildConfigurationList = 555E9B2E1BC706B200C09761 /* Build configuration list for PBXProject "chip8cocoa" */;
			compatibilityVersion = "Xcode 3.2";
			developmentRegion = English;
			hasScannedForEncodings = 0;
			knownRegions = (
				en,
				Base,
			);
			mainGroup = 555E9B2A1BC706B200C09761;
			productRefGroup = 555E9B341BC706B200C09761 /* Products */;
			projectDirPath = "";
			projectRoot = "";
			targets = (
				555E9B321BC706B200C09761 /* chip8cocoa */,
			);
		};
/* End PBXProject section */

/* Begin PBXResourcesBuildPhase section */
		555E9B311BC706B200C09761 /* Resources */ = {
			isa = PBXResourcesBuildPhase;
			buildActionMask = 2147483647;
			files = (
				555E9B3D1BC706B200C09761 /* Assets.xcassets in Resources */,
				555E9B401BC706B200C09761 /* MainMenu.xib in Resources */,
			);
			runOnlyForDeploymentPostprocessing = 0;
		};
/* End PBXResourcesBuildPhase section */

/* Begin PBXSourcesBuildPhase section */
		555E9B2F1BC706B200C09761 /* Sources */ = {
			isa = PBXSourcesBuildPhase;
			buildActionMask = 2147483647;
			files = (
				555E9B3B1BC706B200C09761 /* main.m in Sources */,
				555E9B381BC706B200C09761 /* AppDelegate.m in Sources */,
				55ECEDF61BC7EBF1008D836B /* ViewScreen.m in Sources */,
			);
			runOnlyForDeploymentPostprocessing = 0;
		};
/* End PBXSourcesBuildPhase section */

/* Begin PBXVariantGroup section */
		555E9B3E1BC706B200C09761 /* MainMenu.xib */ = {
			isa = PBXVariantGroup;
			children = (
				555E9B3F1BC706B200C09761 /* Base */,
			);
			name = MainMenu.xib;
			sourceTree = "<group>";
		};
/* End PBXVariantGroup section */

/* Begin XCBuildConfiguration section */
		555E9B421BC706B200C09761 /* Debug */ = {
			isa = XCBuildConfiguration;
			buildSettings = {
				ALWAYS_SEARCH_USER_PATHS = NO;
				CLANG_CXX_LANGUAGE_STANDARD = "gnu++0x";
				CLANG_CXX_LIBRARY = "libc++";
				CLANG_ENABLE_MODULES = YES;
				CLANG_ENABLE_OBJC_ARC = YES;
				CLANG_WARN_BOOL_CONVERSION = YES;
				CLANG_WARN_CONSTANT_CONVERSION = YES;
				CLANG_WARN_DIRECT_OBJC_ISA_USAGE = YES_ERROR;
				CLANG_WARN_EMPTY_BODY = YES;
				CLANG_WARN_ENUM_CONVERSION = YES;
				CLANG_WARN_INT_CONVERSION = YES;
				CLANG_WARN_OBJC_ROOT_CLASS = YES_ERROR;
				CLANG_WARN_UNREACHABLE_CODE = YES;
				CLANG_WARN__DUPLICATE_METHOD_MATCH = YES;
				CODE_SIGN_IDENTITY = "-";
				COPY_PHASE_STRIP = NO;
				DEBUG_INFORMATION_FORMAT = dwarf;
				ENABLE_STRICT_OBJC_MSGSEND = YES;
				ENABLE_TESTABILITY = YES;
				GCC_C_LANGUAGE_STANDARD = gnu99;
				GCC_DYNAMIC_NO_PIC = NO;
				GCC_NO_COMMON_BLOCKS = YES;
				GCC_OPTIMIZATION_LEVEL = 0;
				GCC_PREPROCESSOR_DEFINITIONS = (
					"DEBUG=1",
					"$(inherited)",
				);
				GCC_WARN_64_TO_32_BIT_CONVERSION = YES;
				GCC_WARN_ABOUT_RETURN_TYPE = YES_ERROR;
				GCC_WARN_UNDECLARED_SELECTOR = YES;
				GCC_WARN_UNINITIALIZED_AUTOS = YES_AGGRESSIVE;
				GCC_WARN_UNUSED_FUNCTION = YES;
				GCC_WARN_UNUSED_VARIABLE = YES;
				MACOSX_DEPLOYMENT_TARGET = 10.10;
				MTL_ENABLE_DEBUG_INFO = YES;
				ONLY_ACTIVE_ARCH = YES;
				SDKROOT = macosx;
			};
			name = Debug;
		};
		555E9B431BC706B200C09761 /* Release */ = {
			isa = XCBuildConfiguration;
			buildSettings = {
				ALWAYS_SEARCH_USER_PATHS = NO;
				CLANG_CXX_LANGUAGE_STANDARD = "gnu++0x";
				CLANG_CXX_LIBRARY = "libc++";
				CLANG_ENABLE_MODULES = YES;
				CLANG_ENABLE_OBJC_ARC = YES;
				CLANG_WARN_BOOL_CONVERSION = YES;
				CLANG_WARN_CONSTANT_CONVERSION = YES;
				CLANG_WARN_DIRECT_OBJC_ISA_USAGE = YES_ERROR;
				CLANG_WARN_EMPTY_BODY = YES;
				CLANG_WARN_ENUM_CONVERSION = YES;
				CLANG_WARN_INT_CONVERSION = YES;
				CLANG_WARN_OBJC_ROOT_CLASS = YES_ERROR;
				CLANG_WARN_UNREACHABLE_CODE = YES;
				CLANG_WARN__DUPLICATE_METHOD_MATCH = YES;
				CODE_SIGN_IDENTITY = "-";
				COPY_PHASE_STRIP = NO;
				DEBUG_INFORMATION_FORMAT = "dwarf-with-dsym";
				ENABLE_NS_ASSERTIONS = NO;
				ENABLE_STRICT_OBJC_MSGSEND = YES;
				GCC_C_LANGUAGE_STANDARD = gnu99;
				GCC_NO_COMMON_BLOCKS = YES;
				GCC_WARN_64_TO_32_BIT_CONVERSION = YES;
				GCC_WARN_ABOUT_RETURN_TYPE = YES_ERROR;
				GCC_WARN_UNDECLARED_SELECTOR = YES;
				GCC_WARN_UNINITIALIZED_AUTOS = YES_AGGRESSIVE;
				GCC_WARN_UNUSED_FUNCTION = YES;
				GCC_WARN_UNUSED_VARIABLE = YES;
				MACOSX_DEPLOYMENT_TARGET = 10.10;
				MTL_ENABLE_DEBUG_INFO = NO;
				SDKROOT = macosx;
			};
			name = Release;
		};
		555E9B451BC706B200C09761 /* Debug */ = {
			isa = XCBuildConfiguration;
			buildSettings = {
				ASSETCATALOG_COMPILER_APPICON_NAME = AppIcon;
				COMBINE_HIDPI_IMAGES = YES;
				INFOPLIST_FILE = chip8cocoa/Info.plist;
				LD_RUNPATH_SEARCH_PATHS = "$(inherited) @executable_path/../Frameworks";
				LIBRARY_SEARCH_PATHS = (
					"$(inherited)",
					"$(PROJECT_DIR)/CHIP-8-Virtual-Machine-Core/build",
				);
				PRODUCT_BUNDLE_IDENTIFIER = se.iix.chip8cocoa;
				PRODUCT_NAME = "$(TARGET_NAME)";
				USER_HEADER_SEARCH_PATHS = "$(PROJECT_DIR)/CHIP-8-Virtual-Machine-Core/include";
			};
			name = Debug;
		};
		555E9B461BC706B200C09761 /* Release */ = {
			isa = XCBuildConfiguration;
			buildSettings = {
				ASSETCATALOG_COMPILER_APPICON_NAME = AppIcon;
				COMBINE_HIDPI_IMAGES = YES;
				INFOPLIST_FILE = chip8cocoa/Info.plist;
				LD_RUNPATH_SEARCH_PATHS = "$(inherited) @executable_path/../Frameworks";
				LIBRARY_SEARCH_PATHS = (
					"$(inherited)",
					"$(PROJECT_DIR)/CHIP-8-Virtual-Machine-Core/build",
				);
				PRODUCT_BUNDLE_IDENTIFIER = se.iix.chip8cocoa;
				PRODUCT_NAME = "$(TARGET_NAME)";
				USER_HEADER_SEARCH_PATHS = "$(PROJECT_DIR)/CHIP-8-Virtual-Machine-Core/include";
			};
			name = Release;
		};
/* End XCBuildConfiguration section */

/* Begin XCConfigurationList section */
		555E9B2E1BC706B200C09761 /* Build configuration list for PBXProject "chip8cocoa" */ = {
			isa = XCConfigurationList;
			buildConfigurations = (
				555E9B421BC706B200C09761 /* Debug */,
				555E9B431BC706B200C09761 /* Release */,
			);
			defaultConfigurationIsVisible = 0;
			defaultConfigurationName = Release;
		};
		555E9B441BC706B200C09761 /* Build configuration list for PBXNativeTarget "chip8cocoa" */ = {
			isa = XCConfigurationList;
			buildConfigurations = (
				555E9B451BC706B200C09761 /* Debug */,
				555E9B461BC706B200C09761 /* Release */,
			);
			defaultConfigurationIsVisible = 0;
			defaultConfigurationName = Release;
		};
/* End XCConfigurationList section */
	};
	rootObject = 555E9B2B1BC706B200C09761 /* Project object */;
}
